version = 0

[requires]
  yjson = {git = "https://github.com/lIlIIlIll/yjson.git", commitId = "c91859feb77aeba392a1fad0f99d731df66be831", tag = "0.1.0", output-type = "static"}
  yjson_macros = {git = "https://github.com/lIlIIlIll/yjson_macros.git", commitId = "fec0adce41f73d037d876cbac7a28aee8108bb5c"}
