version = 0

[requires]
  yjson = {git = "https://github.com/lIlIIlIll/yjson.git", commitId = "0f2071a0ad59ad43a369abe51abaceaf873f0c63", branch = "main", output-type = "static"}
  yjson_macros = {git = "https://github.com/lIlIIlIll/yjson_macros.git", commitId = "0847b59e0c8c47b7c5b52b550ef8765c0cbddb03"}
